---
triple:          'arm64-apple-darwin'
binary-path:     "/Users/minyoungmoon/프로젝트/mabinogi-swift/.build/arm64-apple-macosx/debug/ErinnClock"
relocations:
  - { offset: 0xF6CE2, size: 0x8, addend: 0x0, symName: '_$s10ErinnClock11AppDelegateC6windowSo8NSWindowCSgvpfi', symObjAddr: 0x0, symBinAddr: 0x100001220, symSize: 0x8 }
  - { offset: 0xF6D7F, size: 0x8, addend: 0x0, symName: '_$s10ErinnClock11AppDelegateC6windowSo8NSWindowCSgvpfi', symObjAddr: 0x0, symBinAddr: 0x100001220, symSize: 0x8 }
  - { offset: 0xF6D97, size: 0x8, addend: 0x0, symName: '_$s10ErinnClock11AppDelegateC6windowSo8NSWindowCSgvpACTK', symObjAddr: 0x8, symBinAddr: 0x100001228, symSize: 0x80 }
  - { offset: 0xF6DAF, size: 0x8, addend: 0x0, symName: '_$s10ErinnClock11AppDelegateC6windowSo8NSWindowCSgvpACTk', symObjAddr: 0x88, symBinAddr: 0x1000012A8, symSize: 0x8C }
  - { offset: 0xF6FDB, size: 0x8, addend: 0x0, symName: '_$s10ErinnClock11AppDelegateC7webViewSo05WKWebF0CSgvpfi', symObjAddr: 0x2A0, symBinAddr: 0x1000014C0, symSize: 0x8 }
  - { offset: 0xF6FF3, size: 0x8, addend: 0x0, symName: '_$s10ErinnClock11AppDelegateC7webViewSo05WKWebF0CSgvpACTK', symObjAddr: 0x2A8, symBinAddr: 0x1000014C8, symSize: 0x80 }
  - { offset: 0xF700B, size: 0x8, addend: 0x0, symName: '_$s10ErinnClock11AppDelegateC7webViewSo05WKWebF0CSgvpACTk', symObjAddr: 0x328, symBinAddr: 0x100001548, symSize: 0x8C }
  - { offset: 0xF7023, size: 0x8, addend: 0x0, symName: ___swift_instantiateConcreteTypeFromMangledNameV2, symObjAddr: 0x1994, symBinAddr: 0x100002BB4, symSize: 0x80 }
  - { offset: 0xF7037, size: 0x8, addend: 0x0, symName: '_$sSo8NSWindowCMa', symObjAddr: 0x1A14, symBinAddr: 0x100002C34, symSize: 0x60 }
  - { offset: 0xF704B, size: 0x8, addend: 0x0, symName: '_$sSo17NSWindowStyleMaskVMa', symObjAddr: 0x1A74, symBinAddr: 0x100002C94, symSize: 0x94 }
  - { offset: 0xF705F, size: 0x8, addend: 0x0, symName: '_$sSo17NSWindowStyleMaskVABs10SetAlgebraSCWl', symObjAddr: 0x1B48, symBinAddr: 0x100002D68, symSize: 0x6C }
  - { offset: 0xF7073, size: 0x8, addend: 0x0, symName: '_$sSo22WKWebViewConfigurationCMa', symObjAddr: 0x1C24, symBinAddr: 0x100002E44, symSize: 0x60 }
  - { offset: 0xF7087, size: 0x8, addend: 0x0, symName: '_$sSo9WKWebViewCMa', symObjAddr: 0x1CB0, symBinAddr: 0x100002ED0, symSize: 0x60 }
  - { offset: 0xF709B, size: 0x8, addend: 0x0, symName: '_$sSo25NSAutoresizingMaskOptionsVMa', symObjAddr: 0x1D6C, symBinAddr: 0x100002F8C, symSize: 0x94 }
  - { offset: 0xF70AF, size: 0x8, addend: 0x0, symName: '_$sSo25NSAutoresizingMaskOptionsVABs10SetAlgebraSCWl', symObjAddr: 0x1E00, symBinAddr: 0x100003020, symSize: 0x6C }
  - { offset: 0xF70C3, size: 0x8, addend: 0x0, symName: '_$s10Foundation3URLVSgWOh', symObjAddr: 0x1E6C, symBinAddr: 0x10000308C, symSize: 0x68 }
  - { offset: 0xF70D7, size: 0x8, addend: 0x0, symName: '_$sSo6NSViewCSgWOh', symObjAddr: 0x1ED4, symBinAddr: 0x1000030F4, symSize: 0x30 }
  - { offset: 0xF70EB, size: 0x8, addend: 0x0, symName: ___swift_project_boxed_opaque_existential_0, symObjAddr: 0x1F04, symBinAddr: 0x100003124, symSize: 0x4C }
  - { offset: 0xF70FF, size: 0x8, addend: 0x0, symName: ___swift_destroy_boxed_opaque_existential_0, symObjAddr: 0x1F50, symBinAddr: 0x100003170, symSize: 0x60 }
  - { offset: 0xF7113, size: 0x8, addend: 0x0, symName: '_$sSo6NSMenuCMa', symObjAddr: 0x2344, symBinAddr: 0x100003564, symSize: 0x60 }
  - { offset: 0xF7127, size: 0x8, addend: 0x0, symName: '_$sSo10NSMenuItemCMa', symObjAddr: 0x23D0, symBinAddr: 0x1000035F0, symSize: 0x60 }
  - { offset: 0xF713B, size: 0x8, addend: 0x0, symName: '_$sSo17OS_dispatch_queueCMa', symObjAddr: 0x2CE8, symBinAddr: 0x100003F08, symSize: 0x60 }
  - { offset: 0xF714F, size: 0x8, addend: 0x0, symName: '_$sIeg_IeyB_TR', symObjAddr: 0x2DE8, symBinAddr: 0x100004008, symSize: 0x48 }
  - { offset: 0xF7167, size: 0x8, addend: 0x0, symName: '_$s10ErinnClock11AppDelegateC21userContentController_10didReceiveySo06WKUserfG0C_So15WKScriptMessageCtFyyScMYccfU0_TA', symObjAddr: 0x2F70, symBinAddr: 0x100004190, symSize: 0x8 }
  - { offset: 0xF717B, size: 0x8, addend: 0x0, symName: _block_copy_helper, symObjAddr: 0x2F78, symBinAddr: 0x100004198, symSize: 0x44 }
  - { offset: 0xF718F, size: 0x8, addend: 0x0, symName: _block_destroy_helper, symObjAddr: 0x2FBC, symBinAddr: 0x1000041DC, symSize: 0x18 }
  - { offset: 0xF71A3, size: 0x8, addend: 0x0, symName: '_$sSSWOh', symObjAddr: 0x2FD4, symBinAddr: 0x1000041F4, symSize: 0x28 }
  - { offset: 0xF71B7, size: 0x8, addend: 0x0, symName: '_$sSSSgWOh', symObjAddr: 0x2FFC, symBinAddr: 0x10000421C, symSize: 0x28 }
  - { offset: 0xF71CB, size: 0x8, addend: 0x0, symName: '_$s10ErinnClock11AppDelegateC21userContentController_10didReceiveySo06WKUserfG0C_So15WKScriptMessageCtFyyScMYccfU_TA', symObjAddr: 0x3080, symBinAddr: 0x1000042A0, symSize: 0x20 }
  - { offset: 0xF71DF, size: 0x8, addend: 0x0, symName: _block_copy_helper.4, symObjAddr: 0x30A0, symBinAddr: 0x1000042C0, symSize: 0x44 }
  - { offset: 0xF71F3, size: 0x8, addend: 0x0, symName: _block_destroy_helper.5, symObjAddr: 0x30E4, symBinAddr: 0x100004304, symSize: 0x18 }
  - { offset: 0xF7207, size: 0x8, addend: 0x0, symName: '_$sSo7NSAlertCMa', symObjAddr: 0x3668, symBinAddr: 0x100004888, symSize: 0x60 }
  - { offset: 0xF721B, size: 0x8, addend: 0x0, symName: '_$ss26DefaultStringInterpolationVWOh', symObjAddr: 0x36F4, symBinAddr: 0x100004914, symSize: 0x28 }
  - { offset: 0xF722F, size: 0x8, addend: 0x0, symName: '_$sSo6NSTaskCMa', symObjAddr: 0x39A8, symBinAddr: 0x100004BC8, symSize: 0x60 }
  - { offset: 0xF7243, size: 0x8, addend: 0x0, symName: '_$s10ErinnClock11AppDelegateCMa', symObjAddr: 0x3BA4, symBinAddr: 0x100004DC4, symSize: 0x24 }
  - { offset: 0xF7257, size: 0x8, addend: 0x0, symName: '_$s10ErinnClock11AppDelegateCfETo', symObjAddr: 0x3C30, symBinAddr: 0x100004E50, symSize: 0x48 }
  - { offset: 0xF7285, size: 0x8, addend: 0x0, symName: '_$sSo8NSWindowCSgWOh', symObjAddr: 0x3C78, symBinAddr: 0x100004E98, symSize: 0x30 }
  - { offset: 0xF7299, size: 0x8, addend: 0x0, symName: '_$sSo9WKWebViewCSgWOh', symObjAddr: 0x3CA8, symBinAddr: 0x100004EC8, symSize: 0x30 }
  - { offset: 0xF72AD, size: 0x8, addend: 0x0, symName: '_$sSo17NSWindowStyleMaskVs9OptionSetSCSYWb', symObjAddr: 0x4778, symBinAddr: 0x100005998, symSize: 0x14 }
  - { offset: 0xF72C1, size: 0x8, addend: 0x0, symName: '_$sSo17NSWindowStyleMaskVABSYSCWl', symObjAddr: 0x478C, symBinAddr: 0x1000059AC, symSize: 0x6C }
  - { offset: 0xF72D5, size: 0x8, addend: 0x0, symName: '_$sSo17NSWindowStyleMaskVs9OptionSetSCs0E7AlgebraPWb', symObjAddr: 0x47F8, symBinAddr: 0x100005A18, symSize: 0x14 }
  - { offset: 0xF72E9, size: 0x8, addend: 0x0, symName: '_$sSo25NSAutoresizingMaskOptionsVs9OptionSetSCSYWb', symObjAddr: 0x4878, symBinAddr: 0x100005A98, symSize: 0x14 }
  - { offset: 0xF72FD, size: 0x8, addend: 0x0, symName: '_$sSo25NSAutoresizingMaskOptionsVABSYSCWl', symObjAddr: 0x488C, symBinAddr: 0x100005AAC, symSize: 0x6C }
  - { offset: 0xF7311, size: 0x8, addend: 0x0, symName: '_$sSo25NSAutoresizingMaskOptionsVs9OptionSetSCs0E7AlgebraPWb', symObjAddr: 0x48F8, symBinAddr: 0x100005B18, symSize: 0x14 }
  - { offset: 0xF7325, size: 0x8, addend: 0x0, symName: '_$sSo25NSAutoresizingMaskOptionsVs10SetAlgebraSCSQWb', symObjAddr: 0x490C, symBinAddr: 0x100005B2C, symSize: 0x14 }
  - { offset: 0xF7339, size: 0x8, addend: 0x0, symName: '_$sSo25NSAutoresizingMaskOptionsVABSQSCWl', symObjAddr: 0x4920, symBinAddr: 0x100005B40, symSize: 0x6C }
  - { offset: 0xF734D, size: 0x8, addend: 0x0, symName: '_$sSo25NSAutoresizingMaskOptionsVs10SetAlgebraSCs25ExpressibleByArrayLiteralPWb', symObjAddr: 0x498C, symBinAddr: 0x100005BAC, symSize: 0x14 }
  - { offset: 0xF7361, size: 0x8, addend: 0x0, symName: '_$sSo25NSAutoresizingMaskOptionsVABs25ExpressibleByArrayLiteralSCWl', symObjAddr: 0x49A0, symBinAddr: 0x100005BC0, symSize: 0x6C }
  - { offset: 0xF7375, size: 0x8, addend: 0x0, symName: '_$sSo17NSWindowStyleMaskVs10SetAlgebraSCSQWb', symObjAddr: 0x4A0C, symBinAddr: 0x100005C2C, symSize: 0x14 }
  - { offset: 0xF7389, size: 0x8, addend: 0x0, symName: '_$sSo17NSWindowStyleMaskVABSQSCWl', symObjAddr: 0x4A20, symBinAddr: 0x100005C40, symSize: 0x6C }
  - { offset: 0xF739D, size: 0x8, addend: 0x0, symName: '_$sSo17NSWindowStyleMaskVs10SetAlgebraSCs25ExpressibleByArrayLiteralPWb', symObjAddr: 0x4A8C, symBinAddr: 0x100005CAC, symSize: 0x14 }
  - { offset: 0xF73B1, size: 0x8, addend: 0x0, symName: '_$sSo17NSWindowStyleMaskVABs25ExpressibleByArrayLiteralSCWl', symObjAddr: 0x4AA0, symBinAddr: 0x100005CC0, symSize: 0x6C }
  - { offset: 0xF73C5, size: 0x8, addend: 0x0, symName: '_$sSo17NSWindowStyleMaskVABs9OptionSetSCWl', symObjAddr: 0x4B0C, symBinAddr: 0x100005D2C, symSize: 0x6C }
  - { offset: 0xF73D9, size: 0x8, addend: 0x0, symName: '_$sS2us17FixedWidthIntegersWl', symObjAddr: 0x4B78, symBinAddr: 0x100005D98, symSize: 0x64 }
  - { offset: 0xF73ED, size: 0x8, addend: 0x0, symName: '_$sSo25NSAutoresizingMaskOptionsVABs9OptionSetSCWl', symObjAddr: 0x4BDC, symBinAddr: 0x100005DFC, symSize: 0x6C }
  - { offset: 0xF7401, size: 0x8, addend: 0x0, symName: '_$sSo9WKWebViewCSgWOc', symObjAddr: 0x4C4C, symBinAddr: 0x100005E6C, symSize: 0x3C }
  - { offset: 0xF7415, size: 0x8, addend: 0x0, symName: '_$sSo8NSWindowCSgWOc', symObjAddr: 0x4C88, symBinAddr: 0x100005EA8, symSize: 0x3C }
  - { offset: 0xF7429, size: 0x8, addend: 0x0, symName: '_$sSa12_endMutationyyF', symObjAddr: 0x4CC4, symBinAddr: 0x100005EE4, symSize: 0xC }
  - { offset: 0xF7441, size: 0x8, addend: 0x0, symName: '_$sSa22_allocateUninitializedySayxG_SpyxGtSiFZ8Dispatch0C13WorkItemFlagsV_Tt0gq5', symObjAddr: 0x4CD0, symBinAddr: 0x100005EF0, symSize: 0xF0 }
  - { offset: 0xF746E, size: 0x8, addend: 0x0, symName: '_$s8Dispatch0A13WorkItemFlagsVACs10SetAlgebraAAWl', symObjAddr: 0x4DC0, symBinAddr: 0x100005FE0, symSize: 0x6C }
  - { offset: 0xF7482, size: 0x8, addend: 0x0, symName: '_$sSay8Dispatch0A13WorkItemFlagsVGSayxGSTsWl', symObjAddr: 0x4E2C, symBinAddr: 0x10000604C, symSize: 0x74 }
  - { offset: 0xF7496, size: 0x8, addend: 0x0, symName: ___swift_instantiateConcreteTypeFromMangledNameAbstractV2, symObjAddr: 0x4EA0, symBinAddr: 0x1000060C0, symSize: 0x78 }
  - { offset: 0xF74C3, size: 0x8, addend: 0x0, symName: '_$ss27_finalizeUninitializedArrayySayxGABnlF', symObjAddr: 0x1B08, symBinAddr: 0x100002D28, symSize: 0x40 }
  - { offset: 0xF750E, size: 0x8, addend: 0x0, symName: '_$sSo17NSWindowStyleMaskVs10SetAlgebraSCsACPxycfCTW', symObjAddr: 0x3EE8, symBinAddr: 0x100005108, symSize: 0x40 }
  - { offset: 0xF752A, size: 0x8, addend: 0x0, symName: '_$sSo17NSWindowStyleMaskVs10SetAlgebraSCsACP8containsySb7ElementQzFTW', symObjAddr: 0x3F28, symBinAddr: 0x100005148, symSize: 0x38 }
  - { offset: 0xF7546, size: 0x8, addend: 0x0, symName: '_$sSo17NSWindowStyleMaskVs10SetAlgebraSCsACP5unionyxxnFTW', symObjAddr: 0x3F60, symBinAddr: 0x100005180, symSize: 0x3C }
  - { offset: 0xF7562, size: 0x8, addend: 0x0, symName: '_$sSo17NSWindowStyleMaskVs10SetAlgebraSCsACP12intersectionyxxFTW', symObjAddr: 0x3F9C, symBinAddr: 0x1000051BC, symSize: 0x3C }
  - { offset: 0xF757E, size: 0x8, addend: 0x0, symName: '_$sSo17NSWindowStyleMaskVs10SetAlgebraSCsACP19symmetricDifferenceyxxnFTW', symObjAddr: 0x3FD8, symBinAddr: 0x1000051F8, symSize: 0x3C }
  - { offset: 0xF759A, size: 0x8, addend: 0x0, symName: '_$sSo17NSWindowStyleMaskVs10SetAlgebraSCsACP6insertySb8inserted_7ElementQz17memberAfterInserttAHnFTW', symObjAddr: 0x4014, symBinAddr: 0x100005234, symSize: 0x40 }
  - { offset: 0xF75B6, size: 0x8, addend: 0x0, symName: '_$sSo17NSWindowStyleMaskVs10SetAlgebraSCsACP6removey7ElementQzSgAGFTW', symObjAddr: 0x4054, symBinAddr: 0x100005274, symSize: 0x3C }
  - { offset: 0xF75D2, size: 0x8, addend: 0x0, symName: '_$sSo17NSWindowStyleMaskVs10SetAlgebraSCsACP6update4with7ElementQzSgAHn_tFTW', symObjAddr: 0x4090, symBinAddr: 0x1000052B0, symSize: 0x3C }
  - { offset: 0xF75EE, size: 0x8, addend: 0x0, symName: '_$sSo17NSWindowStyleMaskVs10SetAlgebraSCsACP9formUnionyyxnFTW', symObjAddr: 0x40CC, symBinAddr: 0x1000052EC, symSize: 0x40 }
  - { offset: 0xF760A, size: 0x8, addend: 0x0, symName: '_$sSo17NSWindowStyleMaskVs10SetAlgebraSCsACP16formIntersectionyyxFTW', symObjAddr: 0x410C, symBinAddr: 0x10000532C, symSize: 0x40 }
  - { offset: 0xF7626, size: 0x8, addend: 0x0, symName: '_$sSo17NSWindowStyleMaskVs10SetAlgebraSCsACP23formSymmetricDifferenceyyxnFTW', symObjAddr: 0x414C, symBinAddr: 0x10000536C, symSize: 0x40 }
  - { offset: 0xF7642, size: 0x8, addend: 0x0, symName: '_$sSo17NSWindowStyleMaskVs10SetAlgebraSCsACP11subtractingyxxFTW', symObjAddr: 0x418C, symBinAddr: 0x1000053AC, symSize: 0x14 }
  - { offset: 0xF765E, size: 0x8, addend: 0x0, symName: '_$sSo17NSWindowStyleMaskVs10SetAlgebraSCsACP8isSubset2ofSbx_tFTW', symObjAddr: 0x41A0, symBinAddr: 0x1000053C0, symSize: 0x18 }
  - { offset: 0xF767A, size: 0x8, addend: 0x0, symName: '_$sSo17NSWindowStyleMaskVs10SetAlgebraSCsACP10isDisjoint4withSbx_tFTW', symObjAddr: 0x41B8, symBinAddr: 0x1000053D8, symSize: 0x18 }
  - { offset: 0xF7696, size: 0x8, addend: 0x0, symName: '_$sSo17NSWindowStyleMaskVs10SetAlgebraSCsACP10isSuperset2ofSbx_tFTW', symObjAddr: 0x41D0, symBinAddr: 0x1000053F0, symSize: 0x18 }
  - { offset: 0xF76B2, size: 0x8, addend: 0x0, symName: '_$sSo17NSWindowStyleMaskVs10SetAlgebraSCsACP7isEmptySbvgTW', symObjAddr: 0x41E8, symBinAddr: 0x100005408, symSize: 0x18 }
  - { offset: 0xF76CE, size: 0x8, addend: 0x0, symName: '_$sSo17NSWindowStyleMaskVs10SetAlgebraSCsACPyxqd__ncSTRd__7ElementQyd__AERtzlufCTW', symObjAddr: 0x4200, symBinAddr: 0x100005420, symSize: 0x38 }
  - { offset: 0xF76EA, size: 0x8, addend: 0x0, symName: '_$sSo17NSWindowStyleMaskVs10SetAlgebraSCsACP8subtractyyxFTW', symObjAddr: 0x4238, symBinAddr: 0x100005458, symSize: 0x14 }
  - { offset: 0xF7706, size: 0x8, addend: 0x0, symName: '_$sSo25NSAutoresizingMaskOptionsVs10SetAlgebraSCsACPxycfCTW', symObjAddr: 0x424C, symBinAddr: 0x10000546C, symSize: 0x40 }
  - { offset: 0xF7722, size: 0x8, addend: 0x0, symName: '_$sSo25NSAutoresizingMaskOptionsVs10SetAlgebraSCsACP8containsySb7ElementQzFTW', symObjAddr: 0x428C, symBinAddr: 0x1000054AC, symSize: 0x38 }
  - { offset: 0xF773E, size: 0x8, addend: 0x0, symName: '_$sSo25NSAutoresizingMaskOptionsVs10SetAlgebraSCsACP5unionyxxnFTW', symObjAddr: 0x42C4, symBinAddr: 0x1000054E4, symSize: 0x3C }
  - { offset: 0xF775A, size: 0x8, addend: 0x0, symName: '_$sSo25NSAutoresizingMaskOptionsVs10SetAlgebraSCsACP12intersectionyxxFTW', symObjAddr: 0x4300, symBinAddr: 0x100005520, symSize: 0x3C }
  - { offset: 0xF7776, size: 0x8, addend: 0x0, symName: '_$sSo25NSAutoresizingMaskOptionsVs10SetAlgebraSCsACP19symmetricDifferenceyxxnFTW', symObjAddr: 0x433C, symBinAddr: 0x10000555C, symSize: 0x3C }
  - { offset: 0xF7792, size: 0x8, addend: 0x0, symName: '_$sSo25NSAutoresizingMaskOptionsVs10SetAlgebraSCsACP6insertySb8inserted_7ElementQz17memberAfterInserttAHnFTW', symObjAddr: 0x4378, symBinAddr: 0x100005598, symSize: 0x40 }
  - { offset: 0xF77AE, size: 0x8, addend: 0x0, symName: '_$sSo25NSAutoresizingMaskOptionsVs10SetAlgebraSCsACP6removey7ElementQzSgAGFTW', symObjAddr: 0x43B8, symBinAddr: 0x1000055D8, symSize: 0x3C }
  - { offset: 0xF77CA, size: 0x8, addend: 0x0, symName: '_$sSo25NSAutoresizingMaskOptionsVs10SetAlgebraSCsACP6update4with7ElementQzSgAHn_tFTW', symObjAddr: 0x43F4, symBinAddr: 0x100005614, symSize: 0x3C }
  - { offset: 0xF77E6, size: 0x8, addend: 0x0, symName: '_$sSo25NSAutoresizingMaskOptionsVs10SetAlgebraSCsACP9formUnionyyxnFTW', symObjAddr: 0x4430, symBinAddr: 0x100005650, symSize: 0x40 }
  - { offset: 0xF7802, size: 0x8, addend: 0x0, symName: '_$sSo25NSAutoresizingMaskOptionsVs10SetAlgebraSCsACP16formIntersectionyyxFTW', symObjAddr: 0x4470, symBinAddr: 0x100005690, symSize: 0x40 }
  - { offset: 0xF781E, size: 0x8, addend: 0x0, symName: '_$sSo25NSAutoresizingMaskOptionsVs10SetAlgebraSCsACP23formSymmetricDifferenceyyxnFTW', symObjAddr: 0x44B0, symBinAddr: 0x1000056D0, symSize: 0x40 }
  - { offset: 0xF783A, size: 0x8, addend: 0x0, symName: '_$sSo25NSAutoresizingMaskOptionsVs10SetAlgebraSCsACP11subtractingyxxFTW', symObjAddr: 0x44F0, symBinAddr: 0x100005710, symSize: 0x14 }
  - { offset: 0xF7856, size: 0x8, addend: 0x0, symName: '_$sSo25NSAutoresizingMaskOptionsVs10SetAlgebraSCsACP8isSubset2ofSbx_tFTW', symObjAddr: 0x4504, symBinAddr: 0x100005724, symSize: 0x18 }
  - { offset: 0xF7872, size: 0x8, addend: 0x0, symName: '_$sSo25NSAutoresizingMaskOptionsVs10SetAlgebraSCsACP10isDisjoint4withSbx_tFTW', symObjAddr: 0x451C, symBinAddr: 0x10000573C, symSize: 0x18 }
  - { offset: 0xF788E, size: 0x8, addend: 0x0, symName: '_$sSo25NSAutoresizingMaskOptionsVs10SetAlgebraSCsACP10isSuperset2ofSbx_tFTW', symObjAddr: 0x4534, symBinAddr: 0x100005754, symSize: 0x18 }
  - { offset: 0xF78AA, size: 0x8, addend: 0x0, symName: '_$sSo25NSAutoresizingMaskOptionsVs10SetAlgebraSCsACP7isEmptySbvgTW', symObjAddr: 0x454C, symBinAddr: 0x10000576C, symSize: 0x18 }
  - { offset: 0xF78C6, size: 0x8, addend: 0x0, symName: '_$sSo25NSAutoresizingMaskOptionsVs10SetAlgebraSCsACPyxqd__ncSTRd__7ElementQyd__AERtzlufCTW', symObjAddr: 0x4564, symBinAddr: 0x100005784, symSize: 0x38 }
  - { offset: 0xF78E2, size: 0x8, addend: 0x0, symName: '_$sSo25NSAutoresizingMaskOptionsVs10SetAlgebraSCsACP8subtractyyxFTW', symObjAddr: 0x459C, symBinAddr: 0x1000057BC, symSize: 0x14 }
  - { offset: 0xF78FE, size: 0x8, addend: 0x0, symName: '_$sSo17NSWindowStyleMaskVSQSCSQ2eeoiySbx_xtFZTW', symObjAddr: 0x45B0, symBinAddr: 0x1000057D0, symSize: 0x48 }
  - { offset: 0xF791A, size: 0x8, addend: 0x0, symName: '_$sSo17NSWindowStyleMaskVs25ExpressibleByArrayLiteralSCsACP05arrayG0x0fG7ElementQzd_tcfCTW', symObjAddr: 0x45F8, symBinAddr: 0x100005818, symSize: 0x3C }
  - { offset: 0xF7936, size: 0x8, addend: 0x0, symName: '_$sSo25NSAutoresizingMaskOptionsVSQSCSQ2eeoiySbx_xtFZTW', symObjAddr: 0x4660, symBinAddr: 0x100005880, symSize: 0x48 }
  - { offset: 0xF7952, size: 0x8, addend: 0x0, symName: '_$sSo25NSAutoresizingMaskOptionsVs25ExpressibleByArrayLiteralSCsACP05arrayG0x0fG7ElementQzd_tcfCTW', symObjAddr: 0x46A8, symBinAddr: 0x1000058C8, symSize: 0x3C }
  - { offset: 0xF79D8, size: 0x8, addend: 0x0, symName: '_$s10ErinnClock11AppDelegateC6windowSo8NSWindowCSgvg', symObjAddr: 0x114, symBinAddr: 0x100001334, symSize: 0x6C }
  - { offset: 0xF7A03, size: 0x8, addend: 0x0, symName: '_$s10ErinnClock11AppDelegateC6windowSo8NSWindowCSgvs', symObjAddr: 0x180, symBinAddr: 0x1000013A0, symSize: 0x94 }
  - { offset: 0xF7A36, size: 0x8, addend: 0x0, symName: '_$s10ErinnClock11AppDelegateC6windowSo8NSWindowCSgvM', symObjAddr: 0x214, symBinAddr: 0x100001434, symSize: 0x50 }
  - { offset: 0xF7A5A, size: 0x8, addend: 0x0, symName: '_$s10ErinnClock11AppDelegateC6windowSo8NSWindowCSgvM.resume.0', symObjAddr: 0x264, symBinAddr: 0x100001484, symSize: 0x3C }
  - { offset: 0xF7A7B, size: 0x8, addend: 0x0, symName: '_$s10ErinnClock11AppDelegateC7webViewSo05WKWebF0CSgvg', symObjAddr: 0x3B4, symBinAddr: 0x1000015D4, symSize: 0x6C }
  - { offset: 0xF7A9F, size: 0x8, addend: 0x0, symName: '_$s10ErinnClock11AppDelegateC7webViewSo05WKWebF0CSgvs', symObjAddr: 0x420, symBinAddr: 0x100001640, symSize: 0x94 }
  - { offset: 0xF7AD2, size: 0x8, addend: 0x0, symName: '_$s10ErinnClock11AppDelegateC7webViewSo05WKWebF0CSgvM', symObjAddr: 0x4B4, symBinAddr: 0x1000016D4, symSize: 0x50 }
  - { offset: 0xF7AF6, size: 0x8, addend: 0x0, symName: '_$s10ErinnClock11AppDelegateC7webViewSo05WKWebF0CSgvM.resume.0', symObjAddr: 0x504, symBinAddr: 0x100001724, symSize: 0x3C }
  - { offset: 0xF7B30, size: 0x8, addend: 0x0, symName: '_$s10ErinnClock11AppDelegateC29applicationDidFinishLaunchingyy10Foundation12NotificationVF', symObjAddr: 0x540, symBinAddr: 0x100001760, symSize: 0x1454 }
  - { offset: 0xF7E54, size: 0x8, addend: 0x0, symName: '_$sSo8NSWindowC11contentRect9styleMask7backing5deferABSo6CGRectV_So0a5StyleE0VSo18NSBackingStoreTypeVSbtcfC', symObjAddr: 0x1BB4, symBinAddr: 0x100002DD4, symSize: 0x70 }
  - { offset: 0xF7F2B, size: 0x8, addend: 0x0, symName: '_$sSo22WKWebViewConfigurationCABycfC', symObjAddr: 0x1C84, symBinAddr: 0x100002EA4, symSize: 0x2C }
  - { offset: 0xF7F46, size: 0x8, addend: 0x0, symName: '_$sSo9WKWebViewC5frame13configurationABSo6CGRectV_So0aB13ConfigurationCtcfC', symObjAddr: 0x1D10, symBinAddr: 0x100002F30, symSize: 0x5C }
  - { offset: 0xF7F5A, size: 0x8, addend: 0x0, symName: '_$s10ErinnClock11AppDelegateC29applicationDidFinishLaunchingyy10Foundation12NotificationVFTo', symObjAddr: 0x1FB0, symBinAddr: 0x1000031D0, symSize: 0xE0 }
  - { offset: 0xF7F6E, size: 0x8, addend: 0x0, symName: '_$s10ErinnClock11AppDelegateC9setupMenuyyF', symObjAddr: 0x2090, symBinAddr: 0x1000032B0, symSize: 0x2B4 }
  - { offset: 0xF7FF3, size: 0x8, addend: 0x0, symName: '_$sSo6NSMenuCABycfC', symObjAddr: 0x23A4, symBinAddr: 0x1000035C4, symSize: 0x2C }
  - { offset: 0xF800E, size: 0x8, addend: 0x0, symName: '_$sSo10NSMenuItemCABycfC', symObjAddr: 0x2430, symBinAddr: 0x100003650, symSize: 0x2C }
  - { offset: 0xF8022, size: 0x8, addend: 0x0, symName: '_$sSo10NSMenuItemC5title6action13keyEquivalentABSS_10ObjectiveC8SelectorVSgSStcfC', symObjAddr: 0x245C, symBinAddr: 0x10000367C, symSize: 0x5C }
  - { offset: 0xF8036, size: 0x8, addend: 0x0, symName: '_$s10ErinnClock11AppDelegateC21userContentController_10didReceiveySo06WKUserfG0C_So15WKScriptMessageCtF', symObjAddr: 0x24B8, symBinAddr: 0x1000036D8, symSize: 0x830 }
  - { offset: 0xF80D3, size: 0x8, addend: 0x0, symName: '_$s10ErinnClock11AppDelegateC21userContentController_10didReceiveySo06WKUserfG0C_So15WKScriptMessageCtFyyScMYccfU_', symObjAddr: 0x2D48, symBinAddr: 0x100003F68, symSize: 0xA0 }
  - { offset: 0xF812A, size: 0x8, addend: 0x0, symName: '_$s10ErinnClock11AppDelegateC21userContentController_10didReceiveySo06WKUserfG0C_So15WKScriptMessageCtFyyScMYccfU0_', symObjAddr: 0x2EE0, symBinAddr: 0x100004100, symSize: 0x4C }
  - { offset: 0xF815F, size: 0x8, addend: 0x0, symName: '_$sSo17OS_dispatch_queueC8DispatchE5async5group3qos5flags7executeySo0a1_b1_F0CSg_AC0D3QoSVAC0D13WorkItemFlagsVyyXBtFfA0_', symObjAddr: 0x2E30, symBinAddr: 0x100004050, symSize: 0x14 }
  - { offset: 0xF817B, size: 0x8, addend: 0x0, symName: '_$sSo17OS_dispatch_queueC8DispatchE5async5group3qos5flags7executeySo0a1_b1_F0CSg_AC0D3QoSVAC0D13WorkItemFlagsVyyXBtFfA1_', symObjAddr: 0x2E44, symBinAddr: 0x100004064, symSize: 0x9C }
  - { offset: 0xF81A6, size: 0x8, addend: 0x0, symName: '_$s10ErinnClock11AppDelegateC21userContentController_10didReceiveySo06WKUserfG0C_So15WKScriptMessageCtFTo', symObjAddr: 0x30FC, symBinAddr: 0x10000431C, symSize: 0x9C }
  - { offset: 0xF81BA, size: 0x8, addend: 0x0, symName: '_$s10ErinnClock11AppDelegateC9showAlert5label6period4timeySS_S2StF', symObjAddr: 0x3198, symBinAddr: 0x1000043B8, symSize: 0x4D0 }
  - { offset: 0xF8232, size: 0x8, addend: 0x0, symName: '_$sSo7NSAlertCABycfC', symObjAddr: 0x36C8, symBinAddr: 0x1000048E8, symSize: 0x2C }
  - { offset: 0xF8246, size: 0x8, addend: 0x0, symName: '_$s10ErinnClock11AppDelegateC9playSoundyyF', symObjAddr: 0x371C, symBinAddr: 0x10000493C, symSize: 0x28C }
  - { offset: 0xF8287, size: 0x8, addend: 0x0, symName: '_$sSo6NSTaskCABycfC', symObjAddr: 0x3A08, symBinAddr: 0x100004C28, symSize: 0x2C }
  - { offset: 0xF829B, size: 0x8, addend: 0x0, symName: '_$s10ErinnClock11AppDelegateC47applicationShouldTerminateAfterLastWindowClosedySbSo13NSApplicationCF', symObjAddr: 0x3A34, symBinAddr: 0x100004C54, symSize: 0x24 }
  - { offset: 0xF82E0, size: 0x8, addend: 0x0, symName: '_$s10ErinnClock11AppDelegateC47applicationShouldTerminateAfterLastWindowClosedySbSo13NSApplicationCFTo', symObjAddr: 0x3A58, symBinAddr: 0x100004C78, symSize: 0x8C }
  - { offset: 0xF82FB, size: 0x8, addend: 0x0, symName: '_$s10ErinnClock11AppDelegateCACycfC', symObjAddr: 0x3AE4, symBinAddr: 0x100004D04, symSize: 0x24 }
  - { offset: 0xF830F, size: 0x8, addend: 0x0, symName: '_$s10ErinnClock11AppDelegateCACycfc', symObjAddr: 0x3B08, symBinAddr: 0x100004D28, symSize: 0x9C }
  - { offset: 0xF8333, size: 0x8, addend: 0x0, symName: '_$s10ErinnClock11AppDelegateCACycfcTo', symObjAddr: 0x3BC8, symBinAddr: 0x100004DE8, symSize: 0x20 }
  - { offset: 0xF8347, size: 0x8, addend: 0x0, symName: '_$s10ErinnClock11AppDelegateCfD', symObjAddr: 0x3BE8, symBinAddr: 0x100004E08, symSize: 0x48 }
  - { offset: 0xF8372, size: 0x8, addend: 0x0, symName: '_$sSo17NSWindowStyleMaskV8rawValueABSu_tcfC', symObjAddr: 0x3CD8, symBinAddr: 0x100004EF8, symSize: 0x4 }
  - { offset: 0xF8386, size: 0x8, addend: 0x0, symName: '_$sSo8NSWindowC11contentRect9styleMask7backing5deferABSo6CGRectV_So0a5StyleE0VSo18NSBackingStoreTypeVSbtcfcTO', symObjAddr: 0x3CDC, symBinAddr: 0x100004EFC, symSize: 0x5C }
  - { offset: 0xF839A, size: 0x8, addend: 0x0, symName: '_$sSo22WKWebViewConfigurationCABycfcTO', symObjAddr: 0x3D38, symBinAddr: 0x100004F58, symSize: 0x20 }
  - { offset: 0xF83AE, size: 0x8, addend: 0x0, symName: '_$sSo9WKWebViewC5frame13configurationABSo6CGRectV_So0aB13ConfigurationCtcfcTO', symObjAddr: 0x3D58, symBinAddr: 0x100004F78, symSize: 0x6C }
  - { offset: 0xF83C9, size: 0x8, addend: 0x0, symName: '_$sSo25NSAutoresizingMaskOptionsV8rawValueABSu_tcfC', symObjAddr: 0x3DC4, symBinAddr: 0x100004FE4, symSize: 0x4 }
  - { offset: 0xF83DD, size: 0x8, addend: 0x0, symName: '_$sSo6NSMenuCABycfcTO', symObjAddr: 0x3DC8, symBinAddr: 0x100004FE8, symSize: 0x20 }
  - { offset: 0xF83F1, size: 0x8, addend: 0x0, symName: '_$sSo10NSMenuItemCABycfcTO', symObjAddr: 0x3DE8, symBinAddr: 0x100005008, symSize: 0x20 }
  - { offset: 0xF8405, size: 0x8, addend: 0x0, symName: '_$sSo10NSMenuItemC5title6action13keyEquivalentABSS_10ObjectiveC8SelectorVSgSStcfcTO', symObjAddr: 0x3E08, symBinAddr: 0x100005028, symSize: 0xA0 }
  - { offset: 0xF8419, size: 0x8, addend: 0x0, symName: '_$sSo7NSAlertCABycfcTO', symObjAddr: 0x3EA8, symBinAddr: 0x1000050C8, symSize: 0x20 }
  - { offset: 0xF842D, size: 0x8, addend: 0x0, symName: '_$sSo6NSTaskCABycfcTO', symObjAddr: 0x3EC8, symBinAddr: 0x1000050E8, symSize: 0x20 }
  - { offset: 0xF8448, size: 0x8, addend: 0x0, symName: '_$sSo17NSWindowStyleMaskVs9OptionSetSCsACP8rawValuex03RawG0Qz_tcfCTW', symObjAddr: 0x4634, symBinAddr: 0x100005854, symSize: 0x2C }
  - { offset: 0xF8463, size: 0x8, addend: 0x0, symName: '_$sSo25NSAutoresizingMaskOptionsVs9OptionSetSCsACP8rawValuex03RawG0Qz_tcfCTW', symObjAddr: 0x46E4, symBinAddr: 0x100005904, symSize: 0x2C }
  - { offset: 0xF8477, size: 0x8, addend: 0x0, symName: '_$sSo17NSWindowStyleMaskVSYSCSY8rawValuexSg03RawE0Qz_tcfCTW', symObjAddr: 0x4710, symBinAddr: 0x100005930, symSize: 0x3C }
  - { offset: 0xF848B, size: 0x8, addend: 0x0, symName: '_$sSo17NSWindowStyleMaskVSYSCSY8rawValue03RawE0QzvgTW', symObjAddr: 0x474C, symBinAddr: 0x10000596C, symSize: 0x2C }
  - { offset: 0xF849F, size: 0x8, addend: 0x0, symName: '_$sSo17NSWindowStyleMaskV8rawValueSuvg', symObjAddr: 0x480C, symBinAddr: 0x100005A2C, symSize: 0x4 }
  - { offset: 0xF84B3, size: 0x8, addend: 0x0, symName: '_$sSo25NSAutoresizingMaskOptionsVSYSCSY8rawValuexSg03RawE0Qz_tcfCTW', symObjAddr: 0x4810, symBinAddr: 0x100005A30, symSize: 0x3C }
  - { offset: 0xF84C7, size: 0x8, addend: 0x0, symName: '_$sSo25NSAutoresizingMaskOptionsVSYSCSY8rawValue03RawE0QzvgTW', symObjAddr: 0x484C, symBinAddr: 0x100005A6C, symSize: 0x2C }
  - { offset: 0xF84DB, size: 0x8, addend: 0x0, symName: '_$sSo25NSAutoresizingMaskOptionsV8rawValueSuvg', symObjAddr: 0x4C48, symBinAddr: 0x100005E68, symSize: 0x4 }
  - { offset: 0xF8616, size: 0x8, addend: 0x0, symName: _ErinnClock_main, symObjAddr: 0x0, symBinAddr: 0x100006138, symSize: 0xD8 }
  - { offset: 0xF863A, size: 0x8, addend: 0x0, symName: '_$s10ErinnClock8delegateAA11AppDelegateCvp', symObjAddr: 0x11C8, symBinAddr: 0x100010F88, symSize: 0x0 }
  - { offset: 0xF8654, size: 0x8, addend: 0x0, symName: '_$s10ErinnClock3appSo13NSApplicationCvp', symObjAddr: 0x11D0, symBinAddr: 0x100010F90, symSize: 0x0 }
  - { offset: 0xF8662, size: 0x8, addend: 0x0, symName: _ErinnClock_main, symObjAddr: 0x0, symBinAddr: 0x100006138, symSize: 0xD8 }
  - { offset: 0xF875E, size: 0x8, addend: 0x0, symName: '_$sSo8NSBundleC10ErinnClockE6module_WZ', symObjAddr: 0x0, symBinAddr: 0x100006210, symSize: 0x1C }
  - { offset: 0xF8782, size: 0x8, addend: 0x0, symName: '_$sSo8NSBundleC10ErinnClockE6moduleABvpZ', symObjAddr: 0x2098, symBinAddr: 0x100010F98, symSize: 0x0 }
  - { offset: 0xF8790, size: 0x8, addend: 0x0, symName: '_$sSo8NSBundleC10ErinnClockE6module_WZ', symObjAddr: 0x0, symBinAddr: 0x100006210, symSize: 0x1C }
  - { offset: 0xF87AA, size: 0x8, addend: 0x0, symName: '_$sSo8NSBundleC10ErinnClockE6moduleABvpZfiAByXEfU_', symObjAddr: 0x1C, symBinAddr: 0x10000622C, symSize: 0x504 }
  - { offset: 0xF883E, size: 0x8, addend: 0x0, symName: '_$sSo8NSBundleC10ErinnClockE6moduleABvau', symObjAddr: 0x564, symBinAddr: 0x100006774, symSize: 0x50 }
  - { offset: 0xF885C, size: 0x8, addend: 0x0, symName: '_$sSo8NSBundleC10ErinnClockE6moduleABvgZ', symObjAddr: 0x5B4, symBinAddr: 0x1000067C4, symSize: 0x3C }
  - { offset: 0xF888A, size: 0x8, addend: 0x0, symName: '_$sSo8NSBundleCMa', symObjAddr: 0x5F0, symBinAddr: 0x100006800, symSize: 0x60 }
  - { offset: 0xF889E, size: 0x8, addend: 0x0, symName: '_$sSo8NSBundleCSgWOh', symObjAddr: 0x650, symBinAddr: 0x100006860, symSize: 0x30 }
  - { offset: 0xF893D, size: 0x8, addend: 0x0, symName: '_$sSo8NSBundleC4pathABSgSS_tcfC', symObjAddr: 0x520, symBinAddr: 0x100006730, symSize: 0x44 }
  - { offset: 0xF8951, size: 0x8, addend: 0x0, symName: '_$sSo8NSBundleC4pathABSgSS_tcfcTO', symObjAddr: 0x6A8, symBinAddr: 0x100006890, symSize: 0x60 }
...
